lockfileVersion: '9.0'

settings:
  autoInstallPeers: true
  excludeLinksFromLockfile: false

importers:

  .:
    dependencies:
      '@angular/animations':
        specifier: ^17.3.1
        version: 17.3.12(@angular/core@17.3.12(rxjs@7.8.1)(zone.js@0.14.10))
      '@angular/cdk':
        specifier: ^17.3.1
        version: 17.3.10(@angular/common@17.3.12(@angular/core@17.3.12(rxjs@7.8.1)(zone.js@0.14.10))(rxjs@7.8.1))(@angular/core@17.3.12(rxjs@7.8.1)(zone.js@0.14.10))(rxjs@7.8.1)
      '@angular/common':
        specifier: ^17.3.1
        version: 17.3.12(@angular/core@17.3.12(rxjs@7.8.1)(zone.js@0.14.10))(rxjs@7.8.1)
      '@angular/core':
        specifier: ^17.3.1
        version: 17.3.12(rxjs@7.8.1)(zone.js@0.14.10)
      '@angular/forms':
        specifier: ^17.3.1
        version: 17.3.12(@angular/common@17.3.12(@angular/core@17.3.12(rxjs@7.8.1)(zone.js@0.14.10))(rxjs@7.8.1))(@angular/core@17.3.12(rxjs@7.8.1)(zone.js@0.14.10))(@angular/platform-browser@17.3.12(@angular/animations@17.3.12(@angular/core@17.3.12(rxjs@7.8.1)(zone.js@0.14.10)))(@angular/common@17.3.12(@angular/core@17.3.12(rxjs@7.8.1)(zone.js@0.14.10))(rxjs@7.8.1))(@angular/core@17.3.12(rxjs@7.8.1)(zone.js@0.14.10)))(rxjs@7.8.1)
      '@angular/router':
        specifier: ^17.3.1
        version: 17.3.12(@angular/common@17.3.12(@angular/core@17.3.12(rxjs@7.8.1)(zone.js@0.14.10))(rxjs@7.8.1))(@angular/core@17.3.12(rxjs@7.8.1)(zone.js@0.14.10))(@angular/platform-browser@17.3.12(@angular/animations@17.3.12(@angular/core@17.3.12(rxjs@7.8.1)(zone.js@0.14.10)))(@angular/common@17.3.12(@angular/core@17.3.12(rxjs@7.8.1)(zone.js@0.14.10))(rxjs@7.8.1))(@angular/core@17.3.12(rxjs@7.8.1)(zone.js@0.14.10)))(rxjs@7.8.1)
      tslib:
        specifier: ^2.3.0
        version: 2.7.0

packages:

  '@angular/animations@17.3.12':
    resolution: {integrity: sha512-9hsdWF4gRRcVJtPcCcYLaX1CIyM9wUu6r+xRl6zU5hq8qhl35hig6ounz7CXFAzLf0WDBdM16bPHouVGaG76lg==}
    engines: {node: ^18.13.0 || >=20.9.0}
    peerDependencies:
      '@angular/core': 17.3.12

  '@angular/cdk@17.3.10':
    resolution: {integrity: sha512-b1qktT2c1TTTe5nTji/kFAVW92fULK0YhYAvJ+BjZTPKu2FniZNe8o4qqQ0pUuvtMu+ZQxp/QqFYoidIVCjScg==}
    peerDependencies:
      '@angular/common': ^17.0.0 || ^18.0.0
      '@angular/core': ^17.0.0 || ^18.0.0
      rxjs: ^6.5.3 || ^7.4.0

  '@angular/common@17.3.12':
    resolution: {integrity: sha512-vabJzvrx76XXFrm1RJZ6o/CyG32piTB/1sfFfKHdlH1QrmArb8It4gyk9oEjZ1IkAD0HvBWlfWmn+T6Vx3pdUw==}
    engines: {node: ^18.13.0 || >=20.9.0}
    peerDependencies:
      '@angular/core': 17.3.12
      rxjs: ^6.5.3 || ^7.4.0

  '@angular/core@17.3.12':
    resolution: {integrity: sha512-MuFt5yKi161JmauUta4Dh0m8ofwoq6Ino+KoOtkYMBGsSx+A7dSm+DUxxNwdj7+DNyg3LjVGCFgBFnq4g8z06A==}
    engines: {node: ^18.13.0 || >=20.9.0}
    peerDependencies:
      rxjs: ^6.5.3 || ^7.4.0
      zone.js: ~0.14.0

  '@angular/forms@17.3.12':
    resolution: {integrity: sha512-tV6r12Q3yEUlXwpVko4E+XscunTIpPkLbaiDn/MTL3Vxi2LZnsLgHyd/i38HaHN+e/H3B0a1ToSOhV5wf3ay4Q==}
    engines: {node: ^18.13.0 || >=20.9.0}
    peerDependencies:
      '@angular/common': 17.3.12
      '@angular/core': 17.3.12
      '@angular/platform-browser': 17.3.12
      rxjs: ^6.5.3 || ^7.4.0

  '@angular/platform-browser@17.3.12':
    resolution: {integrity: sha512-DYY04ptWh/ulMHzd+y52WCE8QnEYGeIiW3hEIFjCN8z0kbIdFdUtEB0IK5vjNL3ejyhUmphcpeT5PYf3YXtqWQ==}
    engines: {node: ^18.13.0 || >=20.9.0}
    peerDependencies:
      '@angular/animations': 17.3.12
      '@angular/common': 17.3.12
      '@angular/core': 17.3.12
    peerDependenciesMeta:
      '@angular/animations':
        optional: true

  '@angular/router@17.3.12':
    resolution: {integrity: sha512-dg7PHBSW9fmPKTVzwvHEeHZPZdpnUqW/U7kj8D29HTP9ur8zZnx9QcnbplwPeYb8yYa62JMnZSEel2X4PxdYBg==}
    engines: {node: ^18.13.0 || >=20.9.0}
    peerDependencies:
      '@angular/common': 17.3.12
      '@angular/core': 17.3.12
      '@angular/platform-browser': 17.3.12
      rxjs: ^6.5.3 || ^7.4.0

  entities@4.5.0:
    resolution: {integrity: sha512-V0hjH4dGPh9Ao5p0MoRY6BVqtwCjhz6vI5LT8AJ55H+4g9/4vbHx1I54fS0XuclLhDHArPQCiMjDxjaL8fPxhw==}
    engines: {node: '>=0.12'}

  parse5@7.1.2:
    resolution: {integrity: sha512-Czj1WaSVpaoj0wbhMzLmWD69anp2WH7FXMB9n1Sy8/ZFF9jolSQVMu1Ij5WIyGmcBmhk7EOndpO4mIpihVqAXw==}

  rxjs@7.8.1:
    resolution: {integrity: sha512-AA3TVj+0A2iuIoQkWEK/tqFjBq2j+6PO6Y0zJcvzLAFhEFIO3HL0vls9hWLncZbAAbK0mar7oZ4V079I/qPMxg==}

  tslib@2.7.0:
    resolution: {integrity: sha512-gLXCKdN1/j47AiHiOkJN69hJmcbGTHI0ImLmbYLHykhgeN0jVGola9yVjFgzCUklsZQMW55o+dW7IXv3RCXDzA==}

  zone.js@0.14.10:
    resolution: {integrity: sha512-YGAhaO7J5ywOXW6InXNlLmfU194F8lVgu7bRntUF3TiG8Y3nBK0x1UJJuHUP/e8IyihkjCYqhCScpSwnlaSRkQ==}

snapshots:

  '@angular/animations@17.3.12(@angular/core@17.3.12(rxjs@7.8.1)(zone.js@0.14.10))':
    dependencies:
      '@angular/core': 17.3.12(rxjs@7.8.1)(zone.js@0.14.10)
      tslib: 2.7.0

  '@angular/cdk@17.3.10(@angular/common@17.3.12(@angular/core@17.3.12(rxjs@7.8.1)(zone.js@0.14.10))(rxjs@7.8.1))(@angular/core@17.3.12(rxjs@7.8.1)(zone.js@0.14.10))(rxjs@7.8.1)':
    dependencies:
      '@angular/common': 17.3.12(@angular/core@17.3.12(rxjs@7.8.1)(zone.js@0.14.10))(rxjs@7.8.1)
      '@angular/core': 17.3.12(rxjs@7.8.1)(zone.js@0.14.10)
      rxjs: 7.8.1
      tslib: 2.7.0
    optionalDependencies:
      parse5: 7.1.2

  '@angular/common@17.3.12(@angular/core@17.3.12(rxjs@7.8.1)(zone.js@0.14.10))(rxjs@7.8.1)':
    dependencies:
      '@angular/core': 17.3.12(rxjs@7.8.1)(zone.js@0.14.10)
      rxjs: 7.8.1
      tslib: 2.7.0

  '@angular/core@17.3.12(rxjs@7.8.1)(zone.js@0.14.10)':
    dependencies:
      rxjs: 7.8.1
      tslib: 2.7.0
      zone.js: 0.14.10

  '@angular/forms@17.3.12(@angular/common@17.3.12(@angular/core@17.3.12(rxjs@7.8.1)(zone.js@0.14.10))(rxjs@7.8.1))(@angular/core@17.3.12(rxjs@7.8.1)(zone.js@0.14.10))(@angular/platform-browser@17.3.12(@angular/animations@17.3.12(@angular/core@17.3.12(rxjs@7.8.1)(zone.js@0.14.10)))(@angular/common@17.3.12(@angular/core@17.3.12(rxjs@7.8.1)(zone.js@0.14.10))(rxjs@7.8.1))(@angular/core@17.3.12(rxjs@7.8.1)(zone.js@0.14.10)))(rxjs@7.8.1)':
    dependencies:
      '@angular/common': 17.3.12(@angular/core@17.3.12(rxjs@7.8.1)(zone.js@0.14.10))(rxjs@7.8.1)
      '@angular/core': 17.3.12(rxjs@7.8.1)(zone.js@0.14.10)
      '@angular/platform-browser': 17.3.12(@angular/animations@17.3.12(@angular/core@17.3.12(rxjs@7.8.1)(zone.js@0.14.10)))(@angular/common@17.3.12(@angular/core@17.3.12(rxjs@7.8.1)(zone.js@0.14.10))(rxjs@7.8.1))(@angular/core@17.3.12(rxjs@7.8.1)(zone.js@0.14.10))
      rxjs: 7.8.1
      tslib: 2.7.0

  '@angular/platform-browser@17.3.12(@angular/animations@17.3.12(@angular/core@17.3.12(rxjs@7.8.1)(zone.js@0.14.10)))(@angular/common@17.3.12(@angular/core@17.3.12(rxjs@7.8.1)(zone.js@0.14.10))(rxjs@7.8.1))(@angular/core@17.3.12(rxjs@7.8.1)(zone.js@0.14.10))':
    dependencies:
      '@angular/common': 17.3.12(@angular/core@17.3.12(rxjs@7.8.1)(zone.js@0.14.10))(rxjs@7.8.1)
      '@angular/core': 17.3.12(rxjs@7.8.1)(zone.js@0.14.10)
      tslib: 2.7.0
    optionalDependencies:
      '@angular/animations': 17.3.12(@angular/core@17.3.12(rxjs@7.8.1)(zone.js@0.14.10))

  '@angular/router@17.3.12(@angular/common@17.3.12(@angular/core@17.3.12(rxjs@7.8.1)(zone.js@0.14.10))(rxjs@7.8.1))(@angular/core@17.3.12(rxjs@7.8.1)(zone.js@0.14.10))(@angular/platform-browser@17.3.12(@angular/animations@17.3.12(@angular/core@17.3.12(rxjs@7.8.1)(zone.js@0.14.10)))(@angular/common@17.3.12(@angular/core@17.3.12(rxjs@7.8.1)(zone.js@0.14.10))(rxjs@7.8.1))(@angular/core@17.3.12(rxjs@7.8.1)(zone.js@0.14.10)))(rxjs@7.8.1)':
    dependencies:
      '@angular/common': 17.3.12(@angular/core@17.3.12(rxjs@7.8.1)(zone.js@0.14.10))(rxjs@7.8.1)
      '@angular/core': 17.3.12(rxjs@7.8.1)(zone.js@0.14.10)
      '@angular/platform-browser': 17.3.12(@angular/animations@17.3.12(@angular/core@17.3.12(rxjs@7.8.1)(zone.js@0.14.10)))(@angular/common@17.3.12(@angular/core@17.3.12(rxjs@7.8.1)(zone.js@0.14.10))(rxjs@7.8.1))(@angular/core@17.3.12(rxjs@7.8.1)(zone.js@0.14.10))
      rxjs: 7.8.1
      tslib: 2.7.0

  entities@4.5.0:
    optional: true

  parse5@7.1.2:
    dependencies:
      entities: 4.5.0
    optional: true

  rxjs@7.8.1:
    dependencies:
      tslib: 2.7.0

  tslib@2.7.0: {}

  zone.js@0.14.10: {}
